
Microsoft Visual Studio Solution File, Format Version 12.00
# Visual Studio Version 17
VisualStudioVersion = 17.4.33213.308
MinimumVisualStudioVersion = 10.0.40219.1
Project("{9A19103F-16F7-4668-BE54-9A1E7A4F7556}") = "01-ByteBank", "1-ByteBank\01-ByteBank.csproj", "{DFAEA7CB-521D-4828-A8B3-913D25A05C3C}"
EndProject
Project("{9A19103F-16F7-4668-BE54-9A1E7A4F7556}") = "02-ByteBank", "2-ByteBank\02-ByteBank.csproj", "{9A1EFBFD-D60A-4B74-BAB4-41F4378511E1}"
EndProject
Project("{9A19103F-16F7-4668-BE54-9A1E7A4F7556}") = "03-ByteBank", "03-ByteBank\03-ByteBank.csproj", "{6FD653D6-04FA-46DA-A446-96790605538F}"
EndProject
Project("{9A19103F-16F7-4668-BE54-9A1E7A4F7556}") = "04-ByteBank", "04-ByteBank\04-ByteBank.csproj", "{B3C51DA1-371F-4CD2-B8A2-9EC21B00C534}"
EndProject
Project("{9A19103F-16F7-4668-BE54-9A1E7A4F7556}") = "05-ByteBank", "05-ByteBank\05-ByteBank.csproj", "{710C6439-FF20-4B7A-86AC-3C705B70B79C}"
EndProject
Project("{FAE04EC0-301F-11D3-BF4B-00C04F79EFBC}") = "06-ByteBank", "06-ByteBank\06-ByteBank.csproj", "{611D26CD-8884-41A3-BF78-18962A50E204}"
EndProject
Project("{FAE04EC0-301F-11D3-BF4B-00C04F79EFBC}") = "07-ByteBank", "07-ByteBank\07-ByteBank.csproj", "{22701BBB-5956-43B0-8A6C-8870A1C71D95}"
EndProject
Global
	GlobalSection(SolutionConfigurationPlatforms) = preSolution
		Debug|Any CPU = Debug|Any CPU
		Release|Any CPU = Release|Any CPU
	EndGlobalSection
	GlobalSection(ProjectConfigurationPlatforms) = postSolution
		{DFAEA7CB-521D-4828-A8B3-913D25A05C3C}.Debug|Any CPU.ActiveCfg = Debug|Any CPU
		{DFAEA7CB-521D-4828-A8B3-913D25A05C3C}.Debug|Any CPU.Build.0 = Debug|Any CPU
		{DFAEA7CB-521D-4828-A8B3-913D25A05C3C}.Release|Any CPU.ActiveCfg = Release|Any CPU
		{DFAEA7CB-521D-4828-A8B3-913D25A05C3C}.Release|Any CPU.Build.0 = Release|Any CPU
		{9A1EFBFD-D60A-4B74-BAB4-41F4378511E1}.Debug|Any CPU.ActiveCfg = Debug|Any CPU
		{9A1EFBFD-D60A-4B74-BAB4-41F4378511E1}.Debug|Any CPU.Build.0 = Debug|Any CPU
		{9A1EFBFD-D60A-4B74-BAB4-41F4378511E1}.Release|Any CPU.ActiveCfg = Release|Any CPU
		{9A1EFBFD-D60A-4B74-BAB4-41F4378511E1}.Release|Any CPU.Build.0 = Release|Any CPU
		{6FD653D6-04FA-46DA-A446-96790605538F}.Debug|Any CPU.ActiveCfg = Debug|Any CPU
		{6FD653D6-04FA-46DA-A446-96790605538F}.Debug|Any CPU.Build.0 = Debug|Any CPU
		{6FD653D6-04FA-46DA-A446-96790605538F}.Release|Any CPU.ActiveCfg = Release|Any CPU
		{6FD653D6-04FA-46DA-A446-96790605538F}.Release|Any CPU.Build.0 = Release|Any CPU
		{B3C51DA1-371F-4CD2-B8A2-9EC21B00C534}.Debug|Any CPU.ActiveCfg = Debug|Any CPU
		{B3C51DA1-371F-4CD2-B8A2-9EC21B00C534}.Debug|Any CPU.Build.0 = Debug|Any CPU
		{B3C51DA1-371F-4CD2-B8A2-9EC21B00C534}.Release|Any CPU.ActiveCfg = Release|Any CPU
		{B3C51DA1-371F-4CD2-B8A2-9EC21B00C534}.Release|Any CPU.Build.0 = Release|Any CPU
		{710C6439-FF20-4B7A-86AC-3C705B70B79C}.Debug|Any CPU.ActiveCfg = Debug|Any CPU
		{710C6439-FF20-4B7A-86AC-3C705B70B79C}.Debug|Any CPU.Build.0 = Debug|Any CPU
		{710C6439-FF20-4B7A-86AC-3C705B70B79C}.Release|Any CPU.ActiveCfg = Release|Any CPU
		{710C6439-FF20-4B7A-86AC-3C705B70B79C}.Release|Any CPU.Build.0 = Release|Any CPU
		{611D26CD-8884-41A3-BF78-18962A50E204}.Debug|Any CPU.ActiveCfg = Debug|Any CPU
		{611D26CD-8884-41A3-BF78-18962A50E204}.Debug|Any CPU.Build.0 = Debug|Any CPU
		{611D26CD-8884-41A3-BF78-18962A50E204}.Release|Any CPU.ActiveCfg = Release|Any CPU
		{611D26CD-8884-41A3-BF78-18962A50E204}.Release|Any CPU.Build.0 = Release|Any CPU
		{22701BBB-5956-43B0-8A6C-8870A1C71D95}.Debug|Any CPU.ActiveCfg = Debug|Any CPU
		{22701BBB-5956-43B0-8A6C-8870A1C71D95}.Debug|Any CPU.Build.0 = Debug|Any CPU
		{22701BBB-5956-43B0-8A6C-8870A1C71D95}.Release|Any CPU.ActiveCfg = Release|Any CPU
		{22701BBB-5956-43B0-8A6C-8870A1C71D95}.Release|Any CPU.Build.0 = Release|Any CPU
	EndGlobalSection
	GlobalSection(SolutionProperties) = preSolution
		HideSolutionNode = FALSE
	EndGlobalSection
	GlobalSection(ExtensibilityGlobals) = postSolution
		SolutionGuid = {5FD7E292-B928-48EC-8ADF-7DB04F0D6A8B}
	EndGlobalSection
EndGlobal
